
Microsoft Visual Studio Solution File, Format Version 12.00
# Visual Studio Version 17
VisualStudioVersion = 17.0.31903.59
MinimumVisualStudioVersion = 10.0.40219.1
Project("{FAE04EC0-301F-11D3-BF4B-00C04F79EFBC}") = "MyHomeLibNG.App", "src\MyHomeLibNG.App\MyHomeLibNG.App.csproj", "{D4A02766-7A88-4E72-9E58-7FA5A9F803E1}"
EndProject
Project("{FAE04EC0-301F-11D3-BF4B-00C04F79EFBC}") = "MyHomeLibNG.Core", "src\MyHomeLibNG.Core\MyHomeLibNG.Core.csproj", "{ED65CE5B-4B6D-45D3-B95B-B532D81D4F3D}"
EndProject
Project("{FAE04EC0-301F-11D3-BF4B-00C04F79EFBC}") = "MyHomeLibNG.Application", "src\MyHomeLibNG.Application\MyHomeLibNG.Application.csproj", "{9D8FEFE9-6672-4549-9059-F1681458C0C4}"
EndProject
Project("{FAE04EC0-301F-11D3-BF4B-00C04F79EFBC}") = "MyHomeLibNG.Infrastructure", "src\MyHomeLibNG.Infrastructure\MyHomeLibNG.Infrastructure.csproj", "{05C8E87A-9501-4C13-AB95-E826A8A4A31A}"
EndProject
Project("{FAE04EC0-301F-11D3-BF4B-00C04F79EFBC}") = "MyHomeLibNG.Tests", "tests\MyHomeLibNG.Tests\MyHomeLibNG.Tests.csproj", "{B6187C07-3CCC-4797-8679-1594D68B2D1D}"
EndProject
Project("{2150E333-8FDC-42A3-9474-1A3956D46DE8}") = "tests", "tests", "{0AB3BF05-4346-4AA6-1389-037BE0695223}"
EndProject
Project("{FAE04EC0-301F-11D3-BF4B-00C04F79EFBC}") = "MyHomeLibNG.App.Tests", "tests\MyHomeLibNG.App.Tests\MyHomeLibNG.App.Tests.csproj", "{2D18C6BB-EF18-48D1-8413-717670EDAB81}"
EndProject
Project("{2150E333-8FDC-42A3-9474-1A3956D46DE8}") = "src", "src", "{827E0CD3-B72D-47B6-A68D-7590B98EB39B}"
EndProject
Project("{FAE04EC0-301F-11D3-BF4B-00C04F79EFBC}") = "MyHomeLibNG.App.HeadlessTests", "tests\MyHomeLibNG.App.HeadlessTests\MyHomeLibNG.App.HeadlessTests.csproj", "{23CB578D-002C-40A0-8892-E2D3024E6019}"
EndProject
Global
	GlobalSection(SolutionConfigurationPlatforms) = preSolution
		Debug|Any CPU = Debug|Any CPU
		Debug|x64 = Debug|x64
		Debug|x86 = Debug|x86
		Release|Any CPU = Release|Any CPU
		Release|x64 = Release|x64
		Release|x86 = Release|x86
	EndGlobalSection
	GlobalSection(ProjectConfigurationPlatforms) = postSolution
		{D4A02766-7A88-4E72-9E58-7FA5A9F803E1}.Debug|Any CPU.ActiveCfg = Debug|Any CPU
		{D4A02766-7A88-4E72-9E58-7FA5A9F803E1}.Debug|Any CPU.Build.0 = Debug|Any CPU
		{D4A02766-7A88-4E72-9E58-7FA5A9F803E1}.Debug|x64.ActiveCfg = Debug|Any CPU
		{D4A02766-7A88-4E72-9E58-7FA5A9F803E1}.Debug|x64.Build.0 = Debug|Any CPU
		{D4A02766-7A88-4E72-9E58-7FA5A9F803E1}.Debug|x86.ActiveCfg = Debug|Any CPU
		{D4A02766-7A88-4E72-9E58-7FA5A9F803E1}.Debug|x86.Build.0 = Debug|Any CPU
		{D4A02766-7A88-4E72-9E58-7FA5A9F803E1}.Release|Any CPU.ActiveCfg = Release|Any CPU
		{D4A02766-7A88-4E72-9E58-7FA5A9F803E1}.Release|Any CPU.Build.0 = Release|Any CPU
		{D4A02766-7A88-4E72-9E58-7FA5A9F803E1}.Release|x64.ActiveCfg = Release|Any CPU
		{D4A02766-7A88-4E72-9E58-7FA5A9F803E1}.Release|x64.Build.0 = Release|Any CPU
		{D4A02766-7A88-4E72-9E58-7FA5A9F803E1}.Release|x86.ActiveCfg = Release|Any CPU
		{D4A02766-7A88-4E72-9E58-7FA5A9F803E1}.Release|x86.Build.0 = Release|Any CPU
		{ED65CE5B-4B6D-45D3-B95B-B532D81D4F3D}.Debug|Any CPU.ActiveCfg = Debug|Any CPU
		{ED65CE5B-4B6D-45D3-B95B-B532D81D4F3D}.Debug|Any CPU.Build.0 = Debug|Any CPU
		{ED65CE5B-4B6D-45D3-B95B-B532D81D4F3D}.Debug|x64.ActiveCfg = Debug|Any CPU
		{ED65CE5B-4B6D-45D3-B95B-B532D81D4F3D}.Debug|x64.Build.0 = Debug|Any CPU
		{ED65CE5B-4B6D-45D3-B95B-B532D81D4F3D}.Debug|x86.ActiveCfg = Debug|Any CPU
		{ED65CE5B-4B6D-45D3-B95B-B532D81D4F3D}.Debug|x86.Build.0 = Debug|Any CPU
		{ED65CE5B-4B6D-45D3-B95B-B532D81D4F3D}.Release|Any CPU.ActiveCfg = Release|Any CPU
		{ED65CE5B-4B6D-45D3-B95B-B532D81D4F3D}.Release|Any CPU.Build.0 = Release|Any CPU
		{ED65CE5B-4B6D-45D3-B95B-B532D81D4F3D}.Release|x64.ActiveCfg = Release|Any CPU
		{ED65CE5B-4B6D-45D3-B95B-B532D81D4F3D}.Release|x64.Build.0 = Release|Any CPU
		{ED65CE5B-4B6D-45D3-B95B-B532D81D4F3D}.Release|x86.ActiveCfg = Release|Any CPU
		{ED65CE5B-4B6D-45D3-B95B-B532D81D4F3D}.Release|x86.Build.0 = Release|Any CPU
		{9D8FEFE9-6672-4549-9059-F1681458C0C4}.Debug|Any CPU.ActiveCfg = Debug|Any CPU
		{9D8FEFE9-6672-4549-9059-F1681458C0C4}.Debug|Any CPU.Build.0 = Debug|Any CPU
		{9D8FEFE9-6672-4549-9059-F1681458C0C4}.Debug|x64.ActiveCfg = Debug|Any CPU
		{9D8FEFE9-6672-4549-9059-F1681458C0C4}.Debug|x64.Build.0 = Debug|Any CPU
		{9D8FEFE9-6672-4549-9059-F1681458C0C4}.Debug|x86.ActiveCfg = Debug|Any CPU
		{9D8FEFE9-6672-4549-9059-F1681458C0C4}.Debug|x86.Build.0 = Debug|Any CPU
		{9D8FEFE9-6672-4549-9059-F1681458C0C4}.Release|Any CPU.ActiveCfg = Release|Any CPU
		{9D8FEFE9-6672-4549-9059-F1681458C0C4}.Release|Any CPU.Build.0 = Release|Any CPU
		{9D8FEFE9-6672-4549-9059-F1681458C0C4}.Release|x64.ActiveCfg = Release|Any CPU
		{9D8FEFE9-6672-4549-9059-F1681458C0C4}.Release|x64.Build.0 = Release|Any CPU
		{9D8FEFE9-6672-4549-9059-F1681458C0C4}.Release|x86.ActiveCfg = Release|Any CPU
		{9D8FEFE9-6672-4549-9059-F1681458C0C4}.Release|x86.Build.0 = Release|Any CPU
		{05C8E87A-9501-4C13-AB95-E826A8A4A31A}.Debug|Any CPU.ActiveCfg = Debug|Any CPU
		{05C8E87A-9501-4C13-AB95-E826A8A4A31A}.Debug|Any CPU.Build.0 = Debug|Any CPU
		{05C8E87A-9501-4C13-AB95-E826A8A4A31A}.Debug|x64.ActiveCfg = Debug|Any CPU
		{05C8E87A-9501-4C13-AB95-E826A8A4A31A}.Debug|x64.Build.0 = Debug|Any CPU
		{05C8E87A-9501-4C13-AB95-E826A8A4A31A}.Debug|x86.ActiveCfg = Debug|Any CPU
		{05C8E87A-9501-4C13-AB95-E826A8A4A31A}.Debug|x86.Build.0 = Debug|Any CPU
		{05C8E87A-9501-4C13-AB95-E826A8A4A31A}.Release|Any CPU.ActiveCfg = Release|Any CPU
		{05C8E87A-9501-4C13-AB95-E826A8A4A31A}.Release|Any CPU.Build.0 = Release|Any CPU
		{05C8E87A-9501-4C13-AB95-E826A8A4A31A}.Release|x64.ActiveCfg = Release|Any CPU
		{05C8E87A-9501-4C13-AB95-E826A8A4A31A}.Release|x64.Build.0 = Release|Any CPU
		{05C8E87A-9501-4C13-AB95-E826A8A4A31A}.Release|x86.ActiveCfg = Release|Any CPU
		{05C8E87A-9501-4C13-AB95-E826A8A4A31A}.Release|x86.Build.0 = Release|Any CPU
		{B6187C07-3CCC-4797-8679-1594D68B2D1D}.Debug|Any CPU.ActiveCfg = Debug|Any CPU
		{B6187C07-3CCC-4797-8679-1594D68B2D1D}.Debug|Any CPU.Build.0 = Debug|Any CPU
		{B6187C07-3CCC-4797-8679-1594D68B2D1D}.Debug|x64.ActiveCfg = Debug|Any CPU
		{B6187C07-3CCC-4797-8679-1594D68B2D1D}.Debug|x64.Build.0 = Debug|Any CPU
		{B6187C07-3CCC-4797-8679-1594D68B2D1D}.Debug|x86.ActiveCfg = Debug|Any CPU
		{B6187C07-3CCC-4797-8679-1594D68B2D1D}.Debug|x86.Build.0 = Debug|Any CPU
		{B6187C07-3CCC-4797-8679-1594D68B2D1D}.Release|Any CPU.ActiveCfg = Release|Any CPU
		{B6187C07-3CCC-4797-8679-1594D68B2D1D}.Release|Any CPU.Build.0 = Release|Any CPU
		{B6187C07-3CCC-4797-8679-1594D68B2D1D}.Release|x64.ActiveCfg = Release|Any CPU
		{B6187C07-3CCC-4797-8679-1594D68B2D1D}.Release|x64.Build.0 = Release|Any CPU
		{B6187C07-3CCC-4797-8679-1594D68B2D1D}.Release|x86.ActiveCfg = Release|Any CPU
		{B6187C07-3CCC-4797-8679-1594D68B2D1D}.Release|x86.Build.0 = Release|Any CPU
		{2D18C6BB-EF18-48D1-8413-717670EDAB81}.Debug|Any CPU.ActiveCfg = Debug|Any CPU
		{2D18C6BB-EF18-48D1-8413-717670EDAB81}.Debug|Any CPU.Build.0 = Debug|Any CPU
		{2D18C6BB-EF18-48D1-8413-717670EDAB81}.Debug|x64.ActiveCfg = Debug|Any CPU
		{2D18C6BB-EF18-48D1-8413-717670EDAB81}.Debug|x64.Build.0 = Debug|Any CPU
		{2D18C6BB-EF18-48D1-8413-717670EDAB81}.Debug|x86.ActiveCfg = Debug|Any CPU
		{2D18C6BB-EF18-48D1-8413-717670EDAB81}.Debug|x86.Build.0 = Debug|Any CPU
		{2D18C6BB-EF18-48D1-8413-717670EDAB81}.Release|Any CPU.ActiveCfg = Release|Any CPU
		{2D18C6BB-EF18-48D1-8413-717670EDAB81}.Release|Any CPU.Build.0 = Release|Any CPU
		{2D18C6BB-EF18-48D1-8413-717670EDAB81}.Release|x64.ActiveCfg = Release|Any CPU
		{2D18C6BB-EF18-48D1-8413-717670EDAB81}.Release|x64.Build.0 = Release|Any CPU
		{2D18C6BB-EF18-48D1-8413-717670EDAB81}.Release|x86.ActiveCfg = Release|Any CPU
		{2D18C6BB-EF18-48D1-8413-717670EDAB81}.Release|x86.Build.0 = Release|Any CPU
		{23CB578D-002C-40A0-8892-E2D3024E6019}.Debug|Any CPU.ActiveCfg = Debug|Any CPU
		{23CB578D-002C-40A0-8892-E2D3024E6019}.Debug|Any CPU.Build.0 = Debug|Any CPU
		{23CB578D-002C-40A0-8892-E2D3024E6019}.Debug|x64.ActiveCfg = Debug|Any CPU
		{23CB578D-002C-40A0-8892-E2D3024E6019}.Debug|x64.Build.0 = Debug|Any CPU
		{23CB578D-002C-40A0-8892-E2D3024E6019}.Debug|x86.ActiveCfg = Debug|Any CPU
		{23CB578D-002C-40A0-8892-E2D3024E6019}.Debug|x86.Build.0 = Debug|Any CPU
		{23CB578D-002C-40A0-8892-E2D3024E6019}.Release|Any CPU.ActiveCfg = Release|Any CPU
		{23CB578D-002C-40A0-8892-E2D3024E6019}.Release|Any CPU.Build.0 = Release|Any CPU
		{23CB578D-002C-40A0-8892-E2D3024E6019}.Release|x64.ActiveCfg = Release|Any CPU
		{23CB578D-002C-40A0-8892-E2D3024E6019}.Release|x64.Build.0 = Release|Any CPU
		{23CB578D-002C-40A0-8892-E2D3024E6019}.Release|x86.ActiveCfg = Release|Any CPU
		{23CB578D-002C-40A0-8892-E2D3024E6019}.Release|x86.Build.0 = Release|Any CPU
	EndGlobalSection
	GlobalSection(SolutionProperties) = preSolution
		HideSolutionNode = FALSE
	EndGlobalSection
	GlobalSection(NestedProjects) = preSolution
		{2D18C6BB-EF18-48D1-8413-717670EDAB81} = {0AB3BF05-4346-4AA6-1389-037BE0695223}
		{23CB578D-002C-40A0-8892-E2D3024E6019} = {0AB3BF05-4346-4AA6-1389-037BE0695223}
	EndGlobalSection
EndGlobal
