Microsoft Visual Studio Solution File, Format Version 12.00
# Visual Studio Version 17
VisualStudioVersion = 17.0.31903.59
MinimumVisualStudioVersion = 10.0.40219.1
Project("{FAE04EC0-301F-11D3-BF4B-00C04F79EFBC}") = "MyHomeLibNext.App", "src\MyHomeLibNext.App\MyHomeLibNext.App.csproj", "{D4A02766-7A88-4E72-9E58-7FA5A9F803E1}"
EndProject
Project("{FAE04EC0-301F-11D3-BF4B-00C04F79EFBC}") = "MyHomeLibNext.Core", "src\MyHomeLibNext.Core\MyHomeLibNext.Core.csproj", "{ED65CE5B-4B6D-45D3-B95B-B532D81D4F3D}"
EndProject
Project("{FAE04EC0-301F-11D3-BF4B-00C04F79EFBC}") = "MyHomeLibNext.Application", "src\MyHomeLibNext.Application\MyHomeLibNext.Application.csproj", "{9D8FEFE9-6672-4549-9059-F1681458C0C4}"
EndProject
Project("{FAE04EC0-301F-11D3-BF4B-00C04F79EFBC}") = "MyHomeLibNext.Infrastructure", "src\MyHomeLibNext.Infrastructure\MyHomeLibNext.Infrastructure.csproj", "{05C8E87A-9501-4C13-AB95-E826A8A4A31A}"
EndProject
Project("{FAE04EC0-301F-11D3-BF4B-00C04F79EFBC}") = "MyHomeLibNext.Tests", "tests\MyHomeLibNext.Tests\MyHomeLibNext.Tests.csproj", "{B6187C07-3CCC-4797-8679-1594D68B2D1D}"
EndProject
Global
	GlobalSection(SolutionConfigurationPlatforms) = preSolution
		Debug|Any CPU = Debug|Any CPU
		Release|Any CPU = Release|Any CPU
	EndGlobalSection
	GlobalSection(ProjectConfigurationPlatforms) = postSolution
		{D4A02766-7A88-4E72-9E58-7FA5A9F803E1}.Debug|Any CPU.ActiveCfg = Debug|Any CPU
		{D4A02766-7A88-4E72-9E58-7FA5A9F803E1}.Debug|Any CPU.Build.0 = Debug|Any CPU
		{D4A02766-7A88-4E72-9E58-7FA5A9F803E1}.Release|Any CPU.ActiveCfg = Release|Any CPU
		{D4A02766-7A88-4E72-9E58-7FA5A9F803E1}.Release|Any CPU.Build.0 = Release|Any CPU
		{ED65CE5B-4B6D-45D3-B95B-B532D81D4F3D}.Debug|Any CPU.ActiveCfg = Debug|Any CPU
		{ED65CE5B-4B6D-45D3-B95B-B532D81D4F3D}.Debug|Any CPU.Build.0 = Debug|Any CPU
		{ED65CE5B-4B6D-45D3-B95B-B532D81D4F3D}.Release|Any CPU.ActiveCfg = Release|Any CPU
		{ED65CE5B-4B6D-45D3-B95B-B532D81D4F3D}.Release|Any CPU.Build.0 = Release|Any CPU
		{9D8FEFE9-6672-4549-9059-F1681458C0C4}.Debug|Any CPU.ActiveCfg = Debug|Any CPU
		{9D8FEFE9-6672-4549-9059-F1681458C0C4}.Debug|Any CPU.Build.0 = Debug|Any CPU
		{9D8FEFE9-6672-4549-9059-F1681458C0C4}.Release|Any CPU.ActiveCfg = Release|Any CPU
		{9D8FEFE9-6672-4549-9059-F1681458C0C4}.Release|Any CPU.Build.0 = Release|Any CPU
		{05C8E87A-9501-4C13-AB95-E826A8A4A31A}.Debug|Any CPU.ActiveCfg = Debug|Any CPU
		{05C8E87A-9501-4C13-AB95-E826A8A4A31A}.Debug|Any CPU.Build.0 = Debug|Any CPU
		{05C8E87A-9501-4C13-AB95-E826A8A4A31A}.Release|Any CPU.ActiveCfg = Release|Any CPU
		{05C8E87A-9501-4C13-AB95-E826A8A4A31A}.Release|Any CPU.Build.0 = Release|Any CPU
		{B6187C07-3CCC-4797-8679-1594D68B2D1D}.Debug|Any CPU.ActiveCfg = Debug|Any CPU
		{B6187C07-3CCC-4797-8679-1594D68B2D1D}.Debug|Any CPU.Build.0 = Debug|Any CPU
		{B6187C07-3CCC-4797-8679-1594D68B2D1D}.Release|Any CPU.ActiveCfg = Release|Any CPU
		{B6187C07-3CCC-4797-8679-1594D68B2D1D}.Release|Any CPU.Build.0 = Release|Any CPU
	EndGlobalSection
	GlobalSection(SolutionProperties) = preSolution
		HideSolutionNode = FALSE
	EndGlobalSection
EndGlobal
